<?xml version="1.0" encoding="utf-8"?>
<Project ToolsVersion="4.0" xmlns="http://schemas.microsoft.com/developer/msbuild/2003">
  <ItemGroup>
    <ClCompile Include="src\ofApp.cpp">
      <Filter>src</Filter>
    </ClCompile>
    <ClCompile Include="src\main.cpp">
      <Filter>src</Filter>
    </ClCompile>
    <ClCompile Include="src\main.cpp">
      <Filter>src</Filter>
    </ClCompile>
    <ClCompile Include="src\ofApp.cpp">
      <Filter>src</Filter>
    </ClCompile>
    <ClCompile Include="src\VideoPlayers.cpp">
      <Filter>src</Filter>
    </ClCompile>
    <ClCompile Include="..\..\openFrameworks\addons\ofxAudioFile\src\ofxAudioFile.cpp">
      <Filter>addons\ofxAudioFile\src</Filter>
    </ClCompile>
    <ClCompile Include="..\..\openFrameworks\addons\ofxDatGui\src\core\ofxDatGuiComponent.cpp">
      <Filter>addons\ofxDatGui\src\core</Filter>
    </ClCompile>
    <ClCompile Include="..\..\openFrameworks\addons\ofxDatGui\src\libs\ofxSmartFont\ofxSmartFont.cpp">
      <Filter>addons\ofxDatGui\src\libs\ofxSmartFont</Filter>
    </ClCompile>
    <ClCompile Include="..\..\openFrameworks\addons\ofxDatGui\src\ofxDatGui.cpp">
      <Filter>addons\ofxDatGui\src</Filter>
    </ClCompile>
    <ClCompile Include="..\..\openFrameworks\addons\ofxGui\src\ofxBaseGui.cpp">
      <Filter>addons\ofxGui\src</Filter>
    </ClCompile>
    <ClCompile Include="..\..\openFrameworks\addons\ofxGui\src\ofxButton.cpp">
      <Filter>addons\ofxGui\src</Filter>
    </ClCompile>
    <ClCompile Include="..\..\openFrameworks\addons\ofxGui\src\ofxColorPicker.cpp">
      <Filter>addons\ofxGui\src</Filter>
    </ClCompile>
    <ClCompile Include="..\..\openFrameworks\addons\ofxGui\src\ofxGuiGroup.cpp">
      <Filter>addons\ofxGui\src</Filter>
    </ClCompile>
    <ClCompile Include="..\..\openFrameworks\addons\ofxGui\src\ofxInputField.cpp">
      <Filter>addons\ofxGui\src</Filter>
    </ClCompile>
    <ClCompile Include="..\..\openFrameworks\addons\ofxGui\src\ofxLabel.cpp">
      <Filter>addons\ofxGui\src</Filter>
    </ClCompile>
    <ClCompile Include="..\..\openFrameworks\addons\ofxGui\src\ofxPanel.cpp">
      <Filter>addons\ofxGui\src</Filter>
    </ClCompile>
    <ClCompile Include="..\..\openFrameworks\addons\ofxGui\src\ofxSlider.cpp">
      <Filter>addons\ofxGui\src</Filter>
    </ClCompile>
    <ClCompile Include="..\..\openFrameworks\addons\ofxGui\src\ofxSliderGroup.cpp">
      <Filter>addons\ofxGui\src</Filter>
    </ClCompile>
    <ClCompile Include="..\..\openFrameworks\addons\ofxGui\src\ofxToggle.cpp">
      <Filter>addons\ofxGui\src</Filter>
    </ClCompile>
    <ClCompile Include="..\..\openFrameworks\addons\ofxHapPlayer\src\ofxHapPlayer.cpp">
      <Filter>addons\ofxHapPlayer\src</Filter>
    </ClCompile>
    <ClCompile Include="..\..\openFrameworks\addons\ofxHapPlayer\libs\hap\src\hap.c">
      <Filter>addons\ofxHapPlayer\libs\hap\src</Filter>
    </ClCompile>
    <ClCompile Include="..\..\openFrameworks\addons\ofxHapPlayer\libs\ofxHap\src\AudioDecoder.cpp">
      <Filter>addons\ofxHapPlayer\libs\ofxHap\src</Filter>
    </ClCompile>
    <ClCompile Include="..\..\openFrameworks\addons\ofxHapPlayer\libs\ofxHap\src\AudioParameters.cpp">
      <Filter>addons\ofxHapPlayer\libs\ofxHap\src</Filter>
    </ClCompile>
    <ClCompile Include="..\..\openFrameworks\addons\ofxHapPlayer\libs\ofxHap\src\AudioResampler.cpp">
      <Filter>addons\ofxHapPlayer\libs\ofxHap\src</Filter>
    </ClCompile>
    <ClCompile Include="..\..\openFrameworks\addons\ofxHapPlayer\libs\ofxHap\src\AudioThread.cpp">
      <Filter>addons\ofxHapPlayer\libs\ofxHap\src</Filter>
    </ClCompile>
    <ClCompile Include="..\..\openFrameworks\addons\ofxHapPlayer\libs\ofxHap\src\Clock.cpp">
      <Filter>addons\ofxHapPlayer\libs\ofxHap\src</Filter>
    </ClCompile>
    <ClCompile Include="..\..\openFrameworks\addons\ofxHapPlayer\libs\ofxHap\src\Demuxer.cpp">
      <Filter>addons\ofxHapPlayer\libs\ofxHap\src</Filter>
    </ClCompile>
    <ClCompile Include="..\..\openFrameworks\addons\ofxHapPlayer\libs\ofxHap\src\MovieTime.cpp">
      <Filter>addons\ofxHapPlayer\libs\ofxHap\src</Filter>
    </ClCompile>
    <ClCompile Include="..\..\openFrameworks\addons\ofxHapPlayer\libs\ofxHap\src\PacketCache.cpp">
      <Filter>addons\ofxHapPlayer\libs\ofxHap\src</Filter>
    </ClCompile>
    <ClCompile Include="..\..\openFrameworks\addons\ofxHapPlayer\libs\ofxHap\src\RingBuffer.cpp">
      <Filter>addons\ofxHapPlayer\libs\ofxHap\src</Filter>
    </ClCompile>
    <ClCompile Include="..\..\openFrameworks\addons\ofxHapPlayer\libs\ofxHap\src\TimeRangeSet.cpp">
      <Filter>addons\ofxHapPlayer\libs\ofxHap\src</Filter>
    </ClCompile>
    <ClCompile Include="..\..\openFrameworks\addons\ofxHPVPlayer\src\HPVManager.cpp">
      <Filter>addons\ofxHPVPlayer\src</Filter>
    </ClCompile>
    <ClCompile Include="..\..\openFrameworks\addons\ofxHPVPlayer\src\HPVPlayer.cpp">
      <Filter>addons\ofxHPVPlayer\src</Filter>
    </ClCompile>
    <ClCompile Include="..\..\openFrameworks\addons\ofxHPVPlayer\src\HPVRenderBridge.cpp">
      <Filter>addons\ofxHPVPlayer\src</Filter>
    </ClCompile>
    <ClCompile Include="..\..\openFrameworks\addons\ofxHPVPlayer\src\Log.cpp">
      <Filter>addons\ofxHPVPlayer\src</Filter>
    </ClCompile>
    <ClCompile Include="..\..\openFrameworks\addons\ofxHPVPlayer\src\lz4.c">
      <Filter>addons\ofxHPVPlayer\src</Filter>
    </ClCompile>
    <ClCompile Include="..\..\openFrameworks\addons\ofxHPVPlayer\src\lz4hc.c">
      <Filter>addons\ofxHPVPlayer\src</Filter>
    </ClCompile>
    <ClCompile Include="..\..\openFrameworks\addons\ofxHPVPlayer\src\ofxHPVPLayer.cpp">
      <Filter>addons\ofxHPVPlayer\src</Filter>
    </ClCompile>
    <ClCompile Include="..\..\openFrameworks\addons\ofxNetwork\src\ofxNetworkUtils.cpp">
      <Filter>addons\ofxNetwork\src</Filter>
    </ClCompile>
    <ClCompile Include="..\..\openFrameworks\addons\ofxNetwork\src\ofxTCPClient.cpp">
      <Filter>addons\ofxNetwork\src</Filter>
    </ClCompile>
    <ClCompile Include="..\..\openFrameworks\addons\ofxNetwork\src\ofxTCPManager.cpp">
      <Filter>addons\ofxNetwork\src</Filter>
    </ClCompile>
    <ClCompile Include="..\..\openFrameworks\addons\ofxNetwork\src\ofxTCPServer.cpp">
      <Filter>addons\ofxNetwork\src</Filter>
    </ClCompile>
    <ClCompile Include="..\..\openFrameworks\addons\ofxNetwork\src\ofxUDPManager.cpp">
      <Filter>addons\ofxNetwork\src</Filter>
    </ClCompile>
    <ClCompile Include="..\..\openFrameworks\addons\ofxOsc\src\ofxOscBundle.cpp">
      <Filter>addons\ofxOsc\src</Filter>
    </ClCompile>
    <ClCompile Include="..\..\openFrameworks\addons\ofxOsc\src\ofxOscMessage.cpp">
      <Filter>addons\ofxOsc\src</Filter>
    </ClCompile>
    <ClCompile Include="..\..\openFrameworks\addons\ofxOsc\src\ofxOscParameterSync.cpp">
      <Filter>addons\ofxOsc\src</Filter>
    </ClCompile>
    <ClCompile Include="..\..\openFrameworks\addons\ofxOsc\src\ofxOscReceiver.cpp">
      <Filter>addons\ofxOsc\src</Filter>
    </ClCompile>
    <ClCompile Include="..\..\openFrameworks\addons\ofxOsc\src\ofxOscSender.cpp">
      <Filter>addons\ofxOsc\src</Filter>
    </ClCompile>
    <ClCompile Include="..\..\openFrameworks\addons\ofxOsc\libs\oscpack\src\ip\IpEndpointName.cpp">
      <Filter>addons\ofxOsc\libs\oscpack\src\ip</Filter>
    </ClCompile>
    <ClCompile Include="..\..\openFrameworks\addons\ofxOsc\libs\oscpack\src\ip\win32\NetworkingUtils.cpp">
      <Filter>addons\ofxOsc\libs\oscpack\src\ip\win32</Filter>
    </ClCompile>
    <ClCompile Include="..\..\openFrameworks\addons\ofxOsc\libs\oscpack\src\ip\win32\UdpSocket.cpp">
      <Filter>addons\ofxOsc\libs\oscpack\src\ip\win32</Filter>
    </ClCompile>
    <ClCompile Include="..\..\openFrameworks\addons\ofxOsc\libs\oscpack\src\osc\OscOutboundPacketStream.cpp">
      <Filter>addons\ofxOsc\libs\oscpack\src\osc</Filter>
    </ClCompile>
    <ClCompile Include="..\..\openFrameworks\addons\ofxOsc\libs\oscpack\src\osc\OscPrintReceivedElements.cpp">
      <Filter>addons\ofxOsc\libs\oscpack\src\osc</Filter>
    </ClCompile>
    <ClCompile Include="..\..\openFrameworks\addons\ofxOsc\libs\oscpack\src\osc\OscReceivedElements.cpp">
      <Filter>addons\ofxOsc\libs\oscpack\src\osc</Filter>
    </ClCompile>
    <ClCompile Include="..\..\openFrameworks\addons\ofxOsc\libs\oscpack\src\osc\OscTypes.cpp">
      <Filter>addons\ofxOsc\libs\oscpack\src\osc</Filter>
    </ClCompile>
    <ClCompile Include="..\..\openFrameworks\addons\ofxSoundObjects\src\ofxSoundFile.cpp">
      <Filter>addons\ofxSoundObjects\src</Filter>
    </ClCompile>
    <ClCompile Include="..\..\openFrameworks\addons\ofxSoundObjects\src\ofxSoundMatrixMixer.cpp">
      <Filter>addons\ofxSoundObjects\src</Filter>
    </ClCompile>
    <ClCompile Include="..\..\openFrameworks\addons\ofxSoundObjects\src\ofxSoundMixer.cpp">
      <Filter>addons\ofxSoundObjects\src</Filter>
    </ClCompile>
    <ClCompile Include="..\..\openFrameworks\addons\ofxSoundObjects\src\ofxSoundMultiplexer.cpp">
      <Filter>addons\ofxSoundObjects\src</Filter>
    </ClCompile>
    <ClCompile Include="..\..\openFrameworks\addons\ofxSoundObjects\src\ofxSoundObject.cpp">
      <Filter>addons\ofxSoundObjects\src</Filter>
    </ClCompile>
    <ClCompile Include="..\..\openFrameworks\addons\ofxSoundObjects\src\ofxSoundPlayerObject.cpp">
      <Filter>addons\ofxSoundObjects\src</Filter>
    </ClCompile>
    <ClCompile Include="..\..\openFrameworks\addons\ofxSoundObjects\src\ofxSoundRecorderObject.cpp">
      <Filter>addons\ofxSoundObjects\src</Filter>
    </ClCompile>
    <ClCompile Include="..\..\openFrameworks\addons\ofxSoundObjects\src\ofxSoundUtils.cpp">
      <Filter>addons\ofxSoundObjects\src</Filter>
    </ClCompile>
    <ClCompile Include="..\..\openFrameworks\addons\ofxSoundObjects\src\Renderers\ofx2DCanvas.cpp">
      <Filter>addons\ofxSoundObjects\src\Renderers</Filter>
    </ClCompile>
    <ClCompile Include="..\..\openFrameworks\addons\ofxSoundObjects\src\Renderers\ofxSlidersGrid.cpp">
      <Filter>addons\ofxSoundObjects\src\Renderers</Filter>
    </ClCompile>
    <ClCompile Include="..\..\openFrameworks\addons\ofxSoundObjects\src\Renderers\ofxSoundObjectBaseRenderer.cpp">
      <Filter>addons\ofxSoundObjects\src\Renderers</Filter>
    </ClCompile>
    <ClCompile Include="..\..\openFrameworks\addons\ofxSoundObjects\src\Renderers\ofxSoundObjectMatrixMixerRenderer.cpp">
      <Filter>addons\ofxSoundObjects\src\Renderers</Filter>
    </ClCompile>
    <ClCompile Include="..\..\openFrameworks\addons\ofxSoundObjects\src\SoundObjects\VUMeter.cpp">
      <Filter>addons\ofxSoundObjects\src\SoundObjects</Filter>
    </ClCompile>
    <ClCompile Include="..\..\openFrameworks\addons\ofxSoundObjects\src\SoundObjects\waveformDraw.cpp">
      <Filter>addons\ofxSoundObjects\src\SoundObjects</Filter>
    </ClCompile>
    <ClCompile Include="..\..\openFrameworks\addons\ofxWarp\src\ofxWarp\Controller.cpp">
      <Filter>addons\ofxWarp\src\ofxWarp</Filter>
    </ClCompile>
    <ClCompile Include="..\..\openFrameworks\addons\ofxWarp\src\ofxWarp\WarpBase.cpp">
      <Filter>addons\ofxWarp\src\ofxWarp</Filter>
    </ClCompile>
    <ClCompile Include="..\..\openFrameworks\addons\ofxWarp\src\ofxWarp\WarpBilinear.cpp">
      <Filter>addons\ofxWarp\src\ofxWarp</Filter>
    </ClCompile>
    <ClCompile Include="..\..\openFrameworks\addons\ofxWarp\src\ofxWarp\WarpPerspective.cpp">
      <Filter>addons\ofxWarp\src\ofxWarp</Filter>
    </ClCompile>
    <ClCompile Include="..\..\openFrameworks\addons\ofxWarp\src\ofxWarp\WarpPerspectiveBilinear.cpp">
      <Filter>addons\ofxWarp\src\ofxWarp</Filter>
    </ClCompile>
    <ClCompile Include="..\..\openFrameworks\addons\ofxXmlSettings\src\ofxXmlSettings.cpp">
      <Filter>addons\ofxXmlSettings\src</Filter>
    </ClCompile>
    <ClCompile Include="..\..\openFrameworks\addons\ofxXmlSettings\libs\tinyxml.cpp">
      <Filter>addons\ofxXmlSettings\libs</Filter>
    </ClCompile>
    <ClCompile Include="..\..\openFrameworks\addons\ofxXmlSettings\libs\tinyxmlerror.cpp">
      <Filter>addons\ofxXmlSettings\libs</Filter>
    </ClCompile>
    <ClCompile Include="..\..\openFrameworks\addons\ofxXmlSettings\libs\tinyxmlparser.cpp">
      <Filter>addons\ofxXmlSettings\libs</Filter>
    </ClCompile>
    <ClCompile Include="src\WindowVideoApp.cpp">
      <Filter>src</Filter>
    </ClCompile>
  </ItemGroup>
  <ItemGroup>
    <Filter Include="src">
      <UniqueIdentifier>{d8376475-7454-4a24-b08a-aac121d3ad6f}</UniqueIdentifier>
    </Filter>
    <Filter Include="addons">
      <UniqueIdentifier>{71834F65-F3A9-211E-73B8-DC85}</UniqueIdentifier>
    </Filter>
    <Filter Include="addons\ofxAudioFile">
      <UniqueIdentifier>{010EAA6C-DF0B-6AE2-9885-C475}</UniqueIdentifier>
    </Filter>
    <Filter Include="addons\ofxAudioFile\src">
      <UniqueIdentifier>{C1E6B5D8-5BFE-B788-AEF4-D956}</UniqueIdentifier>
    </Filter>
    <Filter Include="addons\ofxAudioFile\libs">
      <UniqueIdentifier>{FFF0DC64-CB2B-F1B7-B927-0659}</UniqueIdentifier>
    </Filter>
    <Filter Include="addons\ofxDatGui">
      <UniqueIdentifier>{B36B06DF-1AA4-00D4-5A1B-6893}</UniqueIdentifier>
    </Filter>
    <Filter Include="addons\ofxDatGui\src">
      <UniqueIdentifier>{CAA2E9BA-611F-99B2-780A-B8BA}</UniqueIdentifier>
    </Filter>
    <Filter Include="addons\ofxDatGui\src\components">
      <UniqueIdentifier>{8EFE15E2-401E-A657-3818-AD66}</UniqueIdentifier>
    </Filter>
    <Filter Include="addons\ofxDatGui\src\core">
      <UniqueIdentifier>{6835CAB6-404A-D3AD-148B-CD60}</UniqueIdentifier>
    </Filter>
    <Filter Include="addons\ofxDatGui\src\libs">
      <UniqueIdentifier>{ABAEF2A2-DCDC-DB83-4614-EB2B}</UniqueIdentifier>
    </Filter>
    <Filter Include="addons\ofxDatGui\src\libs\ofxSmartFont">
      <UniqueIdentifier>{A694AB8C-4705-277A-3AC8-2B8E}</UniqueIdentifier>
    </Filter>
    <Filter Include="addons\ofxDatGui\src\themes">
      <UniqueIdentifier>{2646318C-49AB-44C5-70D8-23E6}</UniqueIdentifier>
    </Filter>
    <Filter Include="addons\ofxGui">
      <UniqueIdentifier>{4F2A59AF-5F4E-704B-D067-EC13}</UniqueIdentifier>
    </Filter>
    <Filter Include="addons\ofxGui\src">
      <UniqueIdentifier>{645E9533-4DCD-6179-1CDF-CB65}</UniqueIdentifier>
    </Filter>
    <Filter Include="addons\ofxHapPlayer">
      <UniqueIdentifier>{3ABF0718-7EF0-C616-645A-BC48}</UniqueIdentifier>
    </Filter>
    <Filter Include="addons\ofxHapPlayer\src">
      <UniqueIdentifier>{B922E112-1099-333C-0CFD-9815}</UniqueIdentifier>
    </Filter>
    <Filter Include="addons\ofxHapPlayer\libs">
      <UniqueIdentifier>{0B971793-EF6D-AFDC-9CC8-D438}</UniqueIdentifier>
    </Filter>
    <Filter Include="addons\ofxHapPlayer\libs\hap">
      <UniqueIdentifier>{9657ED59-9D5A-DDF5-E840-7BB3}</UniqueIdentifier>
    </Filter>
    <Filter Include="addons\ofxHapPlayer\libs\hap\src">
      <UniqueIdentifier>{49B16A97-1FCF-BC4F-A074-82BC}</UniqueIdentifier>
    </Filter>
    <Filter Include="addons\ofxHapPlayer\libs\ofxHap">
      <UniqueIdentifier>{81854E06-4A3C-EE06-CE8B-A33D}</UniqueIdentifier>
    </Filter>
    <Filter Include="addons\ofxHapPlayer\libs\ofxHap\include">
      <UniqueIdentifier>{EB4E97F5-97E8-2DB8-16D6-DBB9}</UniqueIdentifier>
    </Filter>
    <Filter Include="addons\ofxHapPlayer\libs\ofxHap\include\ofxHap">
      <UniqueIdentifier>{0AC17D0E-3614-0010-4FC7-24CF}</UniqueIdentifier>
    </Filter>
    <Filter Include="addons\ofxHapPlayer\libs\ofxHap\src">
      <UniqueIdentifier>{E1E4E96B-D25B-812B-6CA6-A094}</UniqueIdentifier>
    </Filter>
    <Filter Include="addons\ofxHPVPlayer">
      <UniqueIdentifier>{59AEF917-1B60-CC8D-2AF0-CFD1}</UniqueIdentifier>
    </Filter>
    <Filter Include="addons\ofxHPVPlayer\src">
      <UniqueIdentifier>{C2440AC6-7342-B6E7-CD74-B096}</UniqueIdentifier>
    </Filter>
    <Filter Include="addons\ofxNetwork">
      <UniqueIdentifier>{01A15744-29A6-108D-08E9-83A7}</UniqueIdentifier>
    </Filter>
    <Filter Include="addons\ofxNetwork\src">
      <UniqueIdentifier>{3D1C10C7-8F35-E796-9C70-F5F3}</UniqueIdentifier>
    </Filter>
    <Filter Include="addons\ofxOsc">
      <UniqueIdentifier>{D91DCA33-6E5D-4481-2AEC-9FBB}</UniqueIdentifier>
    </Filter>
    <Filter Include="addons\ofxOsc\src">
      <UniqueIdentifier>{B9DD339A-D93D-92A1-0A2F-4B41}</UniqueIdentifier>
    </Filter>
    <Filter Include="addons\ofxOsc\libs">
      <UniqueIdentifier>{99ECA1D9-873F-4622-8FC0-FC7B}</UniqueIdentifier>
    </Filter>
    <Filter Include="addons\ofxOsc\libs\oscpack">
      <UniqueIdentifier>{D3A98534-1602-4FEF-57A6-6593}</UniqueIdentifier>
    </Filter>
    <Filter Include="addons\ofxOsc\libs\oscpack\src">
      <UniqueIdentifier>{BFB5BB47-98C8-BBCB-3066-1046}</UniqueIdentifier>
    </Filter>
    <Filter Include="addons\ofxOsc\libs\oscpack\src\ip">
      <UniqueIdentifier>{5A029128-EB41-95C5-CBC0-CDED}</UniqueIdentifier>
    </Filter>
    <Filter Include="addons\ofxOsc\libs\oscpack\src\ip\win32">
      <UniqueIdentifier>{79DFDFE2-400B-8654-3675-01A3}</UniqueIdentifier>
    </Filter>
    <Filter Include="addons\ofxOsc\libs\oscpack\src\osc">
      <UniqueIdentifier>{EDACB89C-9768-9551-4D41-B590}</UniqueIdentifier>
    </Filter>
    <Filter Include="addons\ofxSoundObjects">
      <UniqueIdentifier>{A1DEA472-3243-C85B-12C4-7080}</UniqueIdentifier>
    </Filter>
    <Filter Include="addons\ofxSoundObjects\src">
      <UniqueIdentifier>{F49E5818-5434-4299-95C1-2A8C}</UniqueIdentifier>
    </Filter>
    <Filter Include="addons\ofxSoundObjects\src\Renderers">
      <UniqueIdentifier>{7FC1F407-8245-86D7-940C-A245}</UniqueIdentifier>
    </Filter>
    <Filter Include="addons\ofxSoundObjects\src\SoundObjects">
      <UniqueIdentifier>{7D005C6E-D3DD-315D-EF0E-E12B}</UniqueIdentifier>
    </Filter>
    <Filter Include="addons\ofxWarp">
      <UniqueIdentifier>{0CB908C6-4EC5-EF34-1A36-41BB}</UniqueIdentifier>
    </Filter>
    <Filter Include="addons\ofxWarp\src">
      <UniqueIdentifier>{C74C6CD4-6B46-AEAD-311A-1E9E}</UniqueIdentifier>
    </Filter>
    <Filter Include="addons\ofxWarp\src\ofxWarp">
      <UniqueIdentifier>{1D9942E4-511E-BE18-EBE3-FFAC}</UniqueIdentifier>
    </Filter>
    <Filter Include="addons\ofxXmlSettings">
      <UniqueIdentifier>{877F005D-13E6-0592-1D97-F2E3}</UniqueIdentifier>
    </Filter>
    <Filter Include="addons\ofxXmlSettings\src">
      <UniqueIdentifier>{CCB2AC63-49D2-977C-CFE8-AEAD}</UniqueIdentifier>
    </Filter>
    <Filter Include="addons\ofxXmlSettings\libs">
      <UniqueIdentifier>{687714A8-1662-FA1C-261F-50F0}</UniqueIdentifier>
    </Filter>
  </ItemGroup>
  <ItemGroup>
    <ClInclude Include="src\ofApp.h">
      <Filter>src</Filter>
    </ClInclude>
    <ClInclude Include="src\config.h">
      <Filter>src</Filter>
    </ClInclude>
    <ClInclude Include="src\ofApp.h">
      <Filter>src</Filter>
    </ClInclude>
    <ClInclude Include="src\VideoPlayers.h">
      <Filter>src</Filter>
    </ClInclude>
    <ClInclude Include="src\WindowVideoApp.h">
      <Filter>src</Filter>
    </ClInclude>
    <ClInclude Include="..\..\openFrameworks\addons\ofxAudioFile\src\ofxAudioFile.h">
      <Filter>addons\ofxAudioFile\src</Filter>
    </ClInclude>
    <ClInclude Include="..\..\openFrameworks\addons\ofxAudioFile\libs\dr_flac.h">
      <Filter>addons\ofxAudioFile\libs</Filter>
    </ClInclude>
    <ClInclude Include="..\..\openFrameworks\addons\ofxAudioFile\libs\dr_mp3.h">
      <Filter>addons\ofxAudioFile\libs</Filter>
    </ClInclude>
    <ClInclude Include="..\..\openFrameworks\addons\ofxAudioFile\libs\dr_wav.h">
      <Filter>addons\ofxAudioFile\libs</Filter>
    </ClInclude>
    <ClInclude Include="..\..\openFrameworks\addons\ofxAudioFile\libs\stb_vorbis.h">
      <Filter>addons\ofxAudioFile\libs</Filter>
    </ClInclude>
    <ClInclude Include="..\..\openFrameworks\addons\ofxDatGui\src\components\ofxDatGui2dPad.h">
      <Filter>addons\ofxDatGui\src\components</Filter>
    </ClInclude>
    <ClInclude Include="..\..\openFrameworks\addons\ofxDatGui\src\components\ofxDatGuiButton.h">
      <Filter>addons\ofxDatGui\src\components</Filter>
    </ClInclude>
    <ClInclude Include="..\..\openFrameworks\addons\ofxDatGui\src\components\ofxDatGuiColorPicker.h">
      <Filter>addons\ofxDatGui\src\components</Filter>
    </ClInclude>
    <ClInclude Include="..\..\openFrameworks\addons\ofxDatGui\src\components\ofxDatGuiControls.h">
      <Filter>addons\ofxDatGui\src\components</Filter>
    </ClInclude>
    <ClInclude Include="..\..\openFrameworks\addons\ofxDatGui\src\components\ofxDatGuiFRM.h">
      <Filter>addons\ofxDatGui\src\components</Filter>
    </ClInclude>
    <ClInclude Include="..\..\openFrameworks\addons\ofxDatGui\src\components\ofxDatGuiGroups.h">
      <Filter>addons\ofxDatGui\src\components</Filter>
    </ClInclude>
    <ClInclude Include="..\..\openFrameworks\addons\ofxDatGui\src\components\ofxDatGuiLabel.h">
      <Filter>addons\ofxDatGui\src\components</Filter>
    </ClInclude>
    <ClInclude Include="..\..\openFrameworks\addons\ofxDatGui\src\components\ofxDatGuiMatrix.h">
      <Filter>addons\ofxDatGui\src\components</Filter>
    </ClInclude>
    <ClInclude Include="..\..\openFrameworks\addons\ofxDatGui\src\components\ofxDatGuiScrollView.h">
      <Filter>addons\ofxDatGui\src\components</Filter>
    </ClInclude>
    <ClInclude Include="..\..\openFrameworks\addons\ofxDatGui\src\components\ofxDatGuiSlider.h">
      <Filter>addons\ofxDatGui\src\components</Filter>
    </ClInclude>
    <ClInclude Include="..\..\openFrameworks\addons\ofxDatGui\src\components\ofxDatGuiTextInput.h">
      <Filter>addons\ofxDatGui\src\components</Filter>
    </ClInclude>
    <ClInclude Include="..\..\openFrameworks\addons\ofxDatGui\src\components\ofxDatGuiTextInputField.h">
      <Filter>addons\ofxDatGui\src\components</Filter>
    </ClInclude>
    <ClInclude Include="..\..\openFrameworks\addons\ofxDatGui\src\components\ofxDatGuiTimeGraph.h">
      <Filter>addons\ofxDatGui\src\components</Filter>
    </ClInclude>
    <ClInclude Include="..\..\openFrameworks\addons\ofxDatGui\src\core\ofxDatGuiComponent.h">
      <Filter>addons\ofxDatGui\src\core</Filter>
    </ClInclude>
    <ClInclude Include="..\..\openFrameworks\addons\ofxDatGui\src\core\ofxDatGuiConstants.h">
      <Filter>addons\ofxDatGui\src\core</Filter>
    </ClInclude>
    <ClInclude Include="..\..\openFrameworks\addons\ofxDatGui\src\core\ofxDatGuiEvents.h">
      <Filter>addons\ofxDatGui\src\core</Filter>
    </ClInclude>
    <ClInclude Include="..\..\openFrameworks\addons\ofxDatGui\src\core\ofxDatGuiIntObject.h">
      <Filter>addons\ofxDatGui\src\core</Filter>
    </ClInclude>
    <ClInclude Include="..\..\openFrameworks\addons\ofxDatGui\src\libs\ofxSmartFont\ofxSmartFont.h">
      <Filter>addons\ofxDatGui\src\libs\ofxSmartFont</Filter>
    </ClInclude>
    <ClInclude Include="..\..\openFrameworks\addons\ofxDatGui\src\ofxDatGui.h">
      <Filter>addons\ofxDatGui\src</Filter>
    </ClInclude>
    <ClInclude Include="..\..\openFrameworks\addons\ofxDatGui\src\themes\ofxDatGuiTheme.h">
      <Filter>addons\ofxDatGui\src\themes</Filter>
    </ClInclude>
    <ClInclude Include="..\..\openFrameworks\addons\ofxDatGui\src\themes\ofxDatGuiThemes.h">
      <Filter>addons\ofxDatGui\src\themes</Filter>
    </ClInclude>
    <ClInclude Include="..\..\openFrameworks\addons\ofxGui\src\ofxBaseGui.h">
      <Filter>addons\ofxGui\src</Filter>
    </ClInclude>
    <ClInclude Include="..\..\openFrameworks\addons\ofxGui\src\ofxButton.h">
      <Filter>addons\ofxGui\src</Filter>
    </ClInclude>
    <ClInclude Include="..\..\openFrameworks\addons\ofxGui\src\ofxColorPicker.h">
      <Filter>addons\ofxGui\src</Filter>
    </ClInclude>
    <ClInclude Include="..\..\openFrameworks\addons\ofxGui\src\ofxGui.h">
      <Filter>addons\ofxGui\src</Filter>
    </ClInclude>
    <ClInclude Include="..\..\openFrameworks\addons\ofxGui\src\ofxGuiGroup.h">
      <Filter>addons\ofxGui\src</Filter>
    </ClInclude>
    <ClInclude Include="..\..\openFrameworks\addons\ofxGui\src\ofxGuiUtils.h">
      <Filter>addons\ofxGui\src</Filter>
    </ClInclude>
    <ClInclude Include="..\..\openFrameworks\addons\ofxGui\src\ofxInputField.h">
      <Filter>addons\ofxGui\src</Filter>
    </ClInclude>
    <ClInclude Include="..\..\openFrameworks\addons\ofxGui\src\ofxLabel.h">
      <Filter>addons\ofxGui\src</Filter>
    </ClInclude>
    <ClInclude Include="..\..\openFrameworks\addons\ofxGui\src\ofxPanel.h">
      <Filter>addons\ofxGui\src</Filter>
    </ClInclude>
    <ClInclude Include="..\..\openFrameworks\addons\ofxGui\src\ofxSlider.h">
      <Filter>addons\ofxGui\src</Filter>
    </ClInclude>
    <ClInclude Include="..\..\openFrameworks\addons\ofxGui\src\ofxSliderGroup.h">
      <Filter>addons\ofxGui\src</Filter>
    </ClInclude>
    <ClInclude Include="..\..\openFrameworks\addons\ofxGui\src\ofxToggle.h">
      <Filter>addons\ofxGui\src</Filter>
    </ClInclude>
    <ClInclude Include="..\..\openFrameworks\addons\ofxHapPlayer\src\ofxHapPlayer.h">
      <Filter>addons\ofxHapPlayer\src</Filter>
    </ClInclude>
    <ClInclude Include="..\..\openFrameworks\addons\ofxHapPlayer\libs\hap\src\hap.h">
      <Filter>addons\ofxHapPlayer\libs\hap\src</Filter>
    </ClInclude>
    <ClInclude Include="..\..\openFrameworks\addons\ofxHapPlayer\libs\ofxHap\include\ofxHap\AudioDecoder.h">
      <Filter>addons\ofxHapPlayer\libs\ofxHap\include\ofxHap</Filter>
    </ClInclude>
    <ClInclude Include="..\..\openFrameworks\addons\ofxHapPlayer\libs\ofxHap\include\ofxHap\AudioParameters.h">
      <Filter>addons\ofxHapPlayer\libs\ofxHap\include\ofxHap</Filter>
    </ClInclude>
    <ClInclude Include="..\..\openFrameworks\addons\ofxHapPlayer\libs\ofxHap\include\ofxHap\AudioResampler.h">
      <Filter>addons\ofxHapPlayer\libs\ofxHap\include\ofxHap</Filter>
    </ClInclude>
    <ClInclude Include="..\..\openFrameworks\addons\ofxHapPlayer\libs\ofxHap\include\ofxHap\AudioThread.h">
      <Filter>addons\ofxHapPlayer\libs\ofxHap\include\ofxHap</Filter>
    </ClInclude>
    <ClInclude Include="..\..\openFrameworks\addons\ofxHapPlayer\libs\ofxHap\include\ofxHap\Clock.h">
      <Filter>addons\ofxHapPlayer\libs\ofxHap\include\ofxHap</Filter>
    </ClInclude>
    <ClInclude Include="..\..\openFrameworks\addons\ofxHapPlayer\libs\ofxHap\include\ofxHap\Common.h">
      <Filter>addons\ofxHapPlayer\libs\ofxHap\include\ofxHap</Filter>
    </ClInclude>
    <ClInclude Include="..\..\openFrameworks\addons\ofxHapPlayer\libs\ofxHap\include\ofxHap\Demuxer.h">
      <Filter>addons\ofxHapPlayer\libs\ofxHap\include\ofxHap</Filter>
    </ClInclude>
    <ClInclude Include="..\..\openFrameworks\addons\ofxHapPlayer\libs\ofxHap\include\ofxHap\ErrorReceiving.h">
      <Filter>addons\ofxHapPlayer\libs\ofxHap\include\ofxHap</Filter>
    </ClInclude>
    <ClInclude Include="..\..\openFrameworks\addons\ofxHapPlayer\libs\ofxHap\include\ofxHap\MovieTime.h">
      <Filter>addons\ofxHapPlayer\libs\ofxHap\include\ofxHap</Filter>
    </ClInclude>
    <ClInclude Include="..\..\openFrameworks\addons\ofxHapPlayer\libs\ofxHap\include\ofxHap\PacketCache.h">
      <Filter>addons\ofxHapPlayer\libs\ofxHap\include\ofxHap</Filter>
    </ClInclude>
    <ClInclude Include="..\..\openFrameworks\addons\ofxHapPlayer\libs\ofxHap\include\ofxHap\RingBuffer.h">
      <Filter>addons\ofxHapPlayer\libs\ofxHap\include\ofxHap</Filter>
    </ClInclude>
    <ClInclude Include="..\..\openFrameworks\addons\ofxHapPlayer\libs\ofxHap\include\ofxHap\TimeRangeSet.h">
      <Filter>addons\ofxHapPlayer\libs\ofxHap\include\ofxHap</Filter>
    </ClInclude>
    <ClInclude Include="..\..\openFrameworks\addons\ofxHPVPlayer\src\HPVEvent.h">
      <Filter>addons\ofxHPVPlayer\src</Filter>
    </ClInclude>
    <ClInclude Include="..\..\openFrameworks\addons\ofxHPVPlayer\src\HPVHeader.h">
      <Filter>addons\ofxHPVPlayer\src</Filter>
    </ClInclude>
    <ClInclude Include="..\..\openFrameworks\addons\ofxHPVPlayer\src\HPVManager.h">
      <Filter>addons\ofxHPVPlayer\src</Filter>
    </ClInclude>
    <ClInclude Include="..\..\openFrameworks\addons\ofxHPVPlayer\src\HPVPlayer.h">
      <Filter>addons\ofxHPVPlayer\src</Filter>
    </ClInclude>
    <ClInclude Include="..\..\openFrameworks\addons\ofxHPVPlayer\src\HPVRenderBridge.h">
      <Filter>addons\ofxHPVPlayer\src</Filter>
    </ClInclude>
    <ClInclude Include="..\..\openFrameworks\addons\ofxHPVPlayer\src\Log.h">
      <Filter>addons\ofxHPVPlayer\src</Filter>
    </ClInclude>
    <ClInclude Include="..\..\openFrameworks\addons\ofxHPVPlayer\src\lz4.h">
      <Filter>addons\ofxHPVPlayer\src</Filter>
    </ClInclude>
    <ClInclude Include="..\..\openFrameworks\addons\ofxHPVPlayer\src\lz4hc.h">
      <Filter>addons\ofxHPVPlayer\src</Filter>
    </ClInclude>
    <ClInclude Include="..\..\openFrameworks\addons\ofxHPVPlayer\src\ofxHPVPlayer.h">
      <Filter>addons\ofxHPVPlayer\src</Filter>
    </ClInclude>
    <ClInclude Include="..\..\openFrameworks\addons\ofxHPVPlayer\src\ThreadSafeQueue.h">
      <Filter>addons\ofxHPVPlayer\src</Filter>
    </ClInclude>
    <ClInclude Include="..\..\openFrameworks\addons\ofxHPVPlayer\src\Timer.h">
      <Filter>addons\ofxHPVPlayer\src</Filter>
    </ClInclude>
    <ClInclude Include="..\..\openFrameworks\addons\ofxNetwork\src\ofxNetwork.h">
      <Filter>addons\ofxNetwork\src</Filter>
    </ClInclude>
    <ClInclude Include="..\..\openFrameworks\addons\ofxNetwork\src\ofxNetworkUtils.h">
      <Filter>addons\ofxNetwork\src</Filter>
    </ClInclude>
    <ClInclude Include="..\..\openFrameworks\addons\ofxNetwork\src\ofxTCPClient.h">
      <Filter>addons\ofxNetwork\src</Filter>
    </ClInclude>
    <ClInclude Include="..\..\openFrameworks\addons\ofxNetwork\src\ofxTCPManager.h">
      <Filter>addons\ofxNetwork\src</Filter>
    </ClInclude>
    <ClInclude Include="..\..\openFrameworks\addons\ofxNetwork\src\ofxTCPServer.h">
      <Filter>addons\ofxNetwork\src</Filter>
    </ClInclude>
    <ClInclude Include="..\..\openFrameworks\addons\ofxNetwork\src\ofxTCPSettings.h">
      <Filter>addons\ofxNetwork\src</Filter>
    </ClInclude>
    <ClInclude Include="..\..\openFrameworks\addons\ofxNetwork\src\ofxUDPManager.h">
      <Filter>addons\ofxNetwork\src</Filter>
    </ClInclude>
    <ClInclude Include="..\..\openFrameworks\addons\ofxNetwork\src\ofxUDPSettings.h">
      <Filter>addons\ofxNetwork\src</Filter>
    </ClInclude>
    <ClInclude Include="..\..\openFrameworks\addons\ofxOsc\src\ofxOsc.h">
      <Filter>addons\ofxOsc\src</Filter>
    </ClInclude>
    <ClInclude Include="..\..\openFrameworks\addons\ofxOsc\src\ofxOscArg.h">
      <Filter>addons\ofxOsc\src</Filter>
    </ClInclude>
    <ClInclude Include="..\..\openFrameworks\addons\ofxOsc\src\ofxOscBundle.h">
      <Filter>addons\ofxOsc\src</Filter>
    </ClInclude>
    <ClInclude Include="..\..\openFrameworks\addons\ofxOsc\src\ofxOscMessage.h">
      <Filter>addons\ofxOsc\src</Filter>
    </ClInclude>
    <ClInclude Include="..\..\openFrameworks\addons\ofxOsc\src\ofxOscParameterSync.h">
      <Filter>addons\ofxOsc\src</Filter>
    </ClInclude>
    <ClInclude Include="..\..\openFrameworks\addons\ofxOsc\src\ofxOscReceiver.h">
      <Filter>addons\ofxOsc\src</Filter>
    </ClInclude>
    <ClInclude Include="..\..\openFrameworks\addons\ofxOsc\src\ofxOscSender.h">
      <Filter>addons\ofxOsc\src</Filter>
    </ClInclude>
    <ClInclude Include="..\..\openFrameworks\addons\ofxOsc\libs\oscpack\src\ip\IpEndpointName.h">
      <Filter>addons\ofxOsc\libs\oscpack\src\ip</Filter>
    </ClInclude>
    <ClInclude Include="..\..\openFrameworks\addons\ofxOsc\libs\oscpack\src\ip\NetworkingUtils.h">
      <Filter>addons\ofxOsc\libs\oscpack\src\ip</Filter>
    </ClInclude>
    <ClInclude Include="..\..\openFrameworks\addons\ofxOsc\libs\oscpack\src\ip\PacketListener.h">
      <Filter>addons\ofxOsc\libs\oscpack\src\ip</Filter>
    </ClInclude>
    <ClInclude Include="..\..\openFrameworks\addons\ofxOsc\libs\oscpack\src\ip\TimerListener.h">
      <Filter>addons\ofxOsc\libs\oscpack\src\ip</Filter>
    </ClInclude>
    <ClInclude Include="..\..\openFrameworks\addons\ofxOsc\libs\oscpack\src\ip\UdpSocket.h">
      <Filter>addons\ofxOsc\libs\oscpack\src\ip</Filter>
    </ClInclude>
    <ClInclude Include="..\..\openFrameworks\addons\ofxOsc\libs\oscpack\src\osc\MessageMappingOscPacketListener.h">
      <Filter>addons\ofxOsc\libs\oscpack\src\osc</Filter>
    </ClInclude>
    <ClInclude Include="..\..\openFrameworks\addons\ofxOsc\libs\oscpack\src\osc\OscException.h">
      <Filter>addons\ofxOsc\libs\oscpack\src\osc</Filter>
    </ClInclude>
    <ClInclude Include="..\..\openFrameworks\addons\ofxOsc\libs\oscpack\src\osc\OscHostEndianness.h">
      <Filter>addons\ofxOsc\libs\oscpack\src\osc</Filter>
    </ClInclude>
    <ClInclude Include="..\..\openFrameworks\addons\ofxOsc\libs\oscpack\src\osc\OscOutboundPacketStream.h">
      <Filter>addons\ofxOsc\libs\oscpack\src\osc</Filter>
    </ClInclude>
    <ClInclude Include="..\..\openFrameworks\addons\ofxOsc\libs\oscpack\src\osc\OscPacketListener.h">
      <Filter>addons\ofxOsc\libs\oscpack\src\osc</Filter>
    </ClInclude>
    <ClInclude Include="..\..\openFrameworks\addons\ofxOsc\libs\oscpack\src\osc\OscPrintReceivedElements.h">
      <Filter>addons\ofxOsc\libs\oscpack\src\osc</Filter>
    </ClInclude>
    <ClInclude Include="..\..\openFrameworks\addons\ofxOsc\libs\oscpack\src\osc\OscReceivedElements.h">
      <Filter>addons\ofxOsc\libs\oscpack\src\osc</Filter>
    </ClInclude>
    <ClInclude Include="..\..\openFrameworks\addons\ofxOsc\libs\oscpack\src\osc\OscTypes.h">
      <Filter>addons\ofxOsc\libs\oscpack\src\osc</Filter>
    </ClInclude>
    <ClInclude Include="..\..\openFrameworks\addons\ofxSoundObjects\src\ofxSoundFile.h">
      <Filter>addons\ofxSoundObjects\src</Filter>
    </ClInclude>
    <ClInclude Include="..\..\openFrameworks\addons\ofxSoundObjects\src\ofxSoundMatrixMixer.h">
      <Filter>addons\ofxSoundObjects\src</Filter>
    </ClInclude>
    <ClInclude Include="..\..\openFrameworks\addons\ofxSoundObjects\src\ofxSoundMixer.h">
      <Filter>addons\ofxSoundObjects\src</Filter>
    </ClInclude>
    <ClInclude Include="..\..\openFrameworks\addons\ofxSoundObjects\src\ofxSoundMultiplexer.h">
      <Filter>addons\ofxSoundObjects\src</Filter>
    </ClInclude>
    <ClInclude Include="..\..\openFrameworks\addons\ofxSoundObjects\src\ofxSoundObject.h">
      <Filter>addons\ofxSoundObjects\src</Filter>
    </ClInclude>
    <ClInclude Include="..\..\openFrameworks\addons\ofxSoundObjects\src\ofxSoundObjects.h">
      <Filter>addons\ofxSoundObjects\src</Filter>
    </ClInclude>
    <ClInclude Include="..\..\openFrameworks\addons\ofxSoundObjects\src\ofxSoundObjectsConstants.h">
      <Filter>addons\ofxSoundObjects\src</Filter>
    </ClInclude>
    <ClInclude Include="..\..\openFrameworks\addons\ofxSoundObjects\src\ofxSoundPlayerObject.h">
      <Filter>addons\ofxSoundObjects\src</Filter>
    </ClInclude>
    <ClInclude Include="..\..\openFrameworks\addons\ofxSoundObjects\src\ofxSoundRecorderObject.h">
      <Filter>addons\ofxSoundObjects\src</Filter>
    </ClInclude>
    <ClInclude Include="..\..\openFrameworks\addons\ofxSoundObjects\src\ofxSoundUtils.h">
      <Filter>addons\ofxSoundObjects\src</Filter>
    </ClInclude>
    <ClInclude Include="..\..\openFrameworks\addons\ofxSoundObjects\src\Renderers\ofx2DCanvas.h">
      <Filter>addons\ofxSoundObjects\src\Renderers</Filter>
    </ClInclude>
    <ClInclude Include="..\..\openFrameworks\addons\ofxSoundObjects\src\Renderers\ofxSlidersGrid.h">
      <Filter>addons\ofxSoundObjects\src\Renderers</Filter>
    </ClInclude>
    <ClInclude Include="..\..\openFrameworks\addons\ofxSoundObjects\src\Renderers\ofxSoundObjectBaseRenderer.h">
      <Filter>addons\ofxSoundObjects\src\Renderers</Filter>
    </ClInclude>
    <ClInclude Include="..\..\openFrameworks\addons\ofxSoundObjects\src\Renderers\ofxSoundObjectMatrixMixerRenderer.h">
      <Filter>addons\ofxSoundObjects\src\Renderers</Filter>
    </ClInclude>
    <ClInclude Include="..\..\openFrameworks\addons\ofxSoundObjects\src\Renderers\ofxSoundRendererUtils.h">
      <Filter>addons\ofxSoundObjects\src\Renderers</Filter>
    </ClInclude>
    <ClInclude Include="..\..\openFrameworks\addons\ofxSoundObjects\src\SoundObjects\DigitalDelay.h">
      <Filter>addons\ofxSoundObjects\src\SoundObjects</Filter>
    </ClInclude>
    <ClInclude Include="..\..\openFrameworks\addons\ofxSoundObjects\src\SoundObjects\LowPassFilter.h">
      <Filter>addons\ofxSoundObjects\src\SoundObjects</Filter>
    </ClInclude>
    <ClInclude Include="..\..\openFrameworks\addons\ofxSoundObjects\src\SoundObjects\NoiseGenerator.h">
      <Filter>addons\ofxSoundObjects\src\SoundObjects</Filter>
    </ClInclude>
    <ClInclude Include="..\..\openFrameworks\addons\ofxSoundObjects\src\SoundObjects\SineWaveGenerator.h">
      <Filter>addons\ofxSoundObjects\src\SoundObjects</Filter>
    </ClInclude>
    <ClInclude Include="..\..\openFrameworks\addons\ofxSoundObjects\src\SoundObjects\VUMeter.h">
      <Filter>addons\ofxSoundObjects\src\SoundObjects</Filter>
    </ClInclude>
    <ClInclude Include="..\..\openFrameworks\addons\ofxSoundObjects\src\SoundObjects\waveformDraw.h">
      <Filter>addons\ofxSoundObjects\src\SoundObjects</Filter>
    </ClInclude>
    <ClInclude Include="..\..\openFrameworks\addons\ofxWarp\src\ofxWarp\Controller.h">
      <Filter>addons\ofxWarp\src\ofxWarp</Filter>
    </ClInclude>
    <ClInclude Include="..\..\openFrameworks\addons\ofxWarp\src\ofxWarp\WarpBase.h">
      <Filter>addons\ofxWarp\src\ofxWarp</Filter>
    </ClInclude>
    <ClInclude Include="..\..\openFrameworks\addons\ofxWarp\src\ofxWarp\WarpBilinear.h">
      <Filter>addons\ofxWarp\src\ofxWarp</Filter>
    </ClInclude>
    <ClInclude Include="..\..\openFrameworks\addons\ofxWarp\src\ofxWarp\WarpPerspective.h">
      <Filter>addons\ofxWarp\src\ofxWarp</Filter>
    </ClInclude>
    <ClInclude Include="..\..\openFrameworks\addons\ofxWarp\src\ofxWarp\WarpPerspectiveBilinear.h">
      <Filter>addons\ofxWarp\src\ofxWarp</Filter>
    </ClInclude>
    <ClInclude Include="..\..\openFrameworks\addons\ofxWarp\src\ofxWarp.h">
      <Filter>addons\ofxWarp\src</Filter>
    </ClInclude>
    <ClInclude Include="..\..\openFrameworks\addons\ofxXmlSettings\src\ofxXmlSettings.h">
      <Filter>addons\ofxXmlSettings\src</Filter>
    </ClInclude>
    <ClInclude Include="..\..\openFrameworks\addons\ofxXmlSettings\libs\tinyxml.h">
      <Filter>addons\ofxXmlSettings\libs</Filter>
    </ClInclude>
  </ItemGroup>
  <ItemGroup>
    <ResourceCompile Include="icon.rc" />
  </ItemGroup>
</Project>